PODS:
  - DRMacroDefines (0.1.2)
  - DRPopAnimationView (0.1.0):
    - DRMacroDefines
    - JXExtension
    - Masonry
  - DRTextInputView (0.1.0):
    - DRMacroDefines
    - DRPopAnimationView
  - JXExtension (0.4.0):
    - JXExtension/Category (= 0.4.0)
    - JXExtension/Transition (= 0.4.0)
    - JXExtension/View (= 0.4.0)
    - SDVersion
  - JXExtension/Category (0.4.0):
    - SDVersion
  - JXExtension/Transition (0.4.0):
    - SDVersion
  - JXExtension/View (0.4.0):
    - JXExtension/Category
    - SDVersion
  - Masonry (1.1.0)
  - SDVersion (4.3.2)

DEPENDENCIES:
  - DRTextInputView (from `../`)

SPEC REPOS:
  https://github.com/cocoapods/specs.git:
    - DRMacroDefines
    - DRPopAnimationView
    - JXExtension
    - Masonry
    - SDVersion

EXTERNAL SOURCES:
  DRTextInputView:
    :path: "../"

SPEC CHECKSUMS:
  DRMacroDefines: 58aa271bc1c4170fa09f4f33dcad18fc4f21a57e
  DRPopAnimationView: 38b855b928395168b2c9396ead0dfaa89424a8cf
  DRTextInputView: 99be203708ed023fbd733741f35d898c2cefae7b
  JXExtension: c625f6881ae43cb7bbf97d49c0b2202f8f1de898
  Masonry: 678fab65091a9290e40e2832a55e7ab731aad201
  SDVersion: 18f32c835c1543611fcfae3c6accd9a04b90597e

PODFILE CHECKSUM: 54cd5b63c9c23dcf21f0c9567290777a49c2f6e3

COCOAPODS: 1.6.1
